# Generated by pub
# See http://pub.dartlang.org/doc/glossary.html#lockfile
packages:
  ansicolor:
    description: ansicolor
    source: hosted
    version: "0.0.9"
  dotenv:
    description:
      ref: null
      resolved-ref: "4f9e8937efc260a9d28642dc2e9b465e0ae8f5c8"
      url: "git@bitbucket.org:mockturtl/dotenv.git"
    source: git
    version: "0.1.0"
  logging:
    description: logging
    source: hosted
    version: "0.9.3"
  matcher:
    description: matcher
    source: hosted
    version: "0.11.4+4"
  mock:
    description: mock
    source: hosted
    version: "0.11.0+2"
  path:
    description: path
    source: hosted
    version: "1.3.4"
  pico_log:
    description:
      ref: null
      resolved-ref: "5479f884774609c8cd8d93b24fd894b7e7558331"
      url: "git@bitbucket.org:mockturtl/pico_log.git"
    source: git
    version: "0.1.0"
  stack_trace:
    description: stack_trace
    source: hosted
    version: "1.2.4"
  unittest:
    description: unittest
    source: hosted
    version: "0.11.5+4"
